{
  "version": 4,
  "terraform_version": "1.5.7",
  "serial": 24,
  "lineage": "b89e8814-97d0-0e15-460e-52bc5966d433",
  "outputs": {
    "log_metrics_lambda_arn": {
      "value": "arn:aws:lambda:us-east-1:024910003979:function:mlops-train-automation-log-metrics",
      "type": "string"
    },
    "log_metrics_lambda_name": {
      "value": "mlops-train-automation-log-metrics",
      "type": "string"
    },
    "step_function_arn": {
      "value": "arn:aws:states:us-east-1:024910003979:stateMachine:mlops-train-automation-pipeline",
      "type": "string"
    },
    "step_function_name": {
      "value": "mlops-train-automation-pipeline",
      "type": "string"
    },
    "validate_lambda_arn": {
      "value": "arn:aws:lambda:us-east-1:024910003979:function:mlops-train-automation-validate",
      "type": "string"
    },
    "validate_lambda_name": {
      "value": "mlops-train-automation-validate",
      "type": "string"
    }
  },
  "resources": [
    {
      "mode": "managed",
      "type": "aws_cloudwatch_log_group",
      "name": "log_metrics_logs",
      "provider": "provider[\"registry.terraform.io/hashicorp/aws\"]",
      "instances": [
        {
          "schema_version": 0,
          "attributes": {
            "arn": "arn:aws:logs:us-east-1:024910003979:log-group:/aws/lambda/mlops-train-automation-log-metrics",
            "id": "/aws/lambda/mlops-train-automation-log-metrics",
            "kms_key_id": "",
            "log_group_class": "STANDARD",
            "name": "/aws/lambda/mlops-train-automation-log-metrics",
            "name_prefix": "",
            "retention_in_days": 7,
            "skip_destroy": false,
            "tags": {
              "Environment": "dev",
              "ManagedBy": "terraform",
              "Project": "mlops-train-automation"
            },
            "tags_all": {
              "Environment": "dev",
              "ManagedBy": "terraform",
              "Project": "mlops-train-automation"
            }
          },
          "sensitive_attributes": [],
          "private": "bnVsbA==",
          "dependencies": [
            "aws_iam_role.lambda_role",
            "aws_lambda_function.log_metrics"
          ]
        }
      ]
    },
    {
      "mode": "managed",
      "type": "aws_cloudwatch_log_group",
      "name": "step_functions_logs",
      "provider": "provider[\"registry.terraform.io/hashicorp/aws\"]",
      "instances": [
        {
          "schema_version": 0,
          "attributes": {
            "arn": "arn:aws:logs:us-east-1:024910003979:log-group:/aws/vendedlogs/states/mlops-train-automation-pipeline",
            "id": "/aws/vendedlogs/states/mlops-train-automation-pipeline",
            "kms_key_id": "",
            "log_group_class": "STANDARD",
            "name": "/aws/vendedlogs/states/mlops-train-automation-pipeline",
            "name_prefix": "",
            "retention_in_days": 7,
            "skip_destroy": false,
            "tags": {
              "Environment": "dev",
              "ManagedBy": "terraform",
              "Project": "mlops-train-automation"
            },
            "tags_all": {
              "Environment": "dev",
              "ManagedBy": "terraform",
              "Project": "mlops-train-automation"
            }
          },
          "sensitive_attributes": [],
          "private": "bnVsbA=="
        }
      ]
    },
    {
      "mode": "managed",
      "type": "aws_cloudwatch_log_group",
      "name": "validate_logs",
      "provider": "provider[\"registry.terraform.io/hashicorp/aws\"]",
      "instances": [
        {
          "schema_version": 0,
          "attributes": {
            "arn": "arn:aws:logs:us-east-1:024910003979:log-group:/aws/lambda/mlops-train-automation-validate",
            "id": "/aws/lambda/mlops-train-automation-validate",
            "kms_key_id": "",
            "log_group_class": "STANDARD",
            "name": "/aws/lambda/mlops-train-automation-validate",
            "name_prefix": "",
            "retention_in_days": 7,
            "skip_destroy": false,
            "tags": {
              "Environment": "dev",
              "ManagedBy": "terraform",
              "Project": "mlops-train-automation"
            },
            "tags_all": {
              "Environment": "dev",
              "ManagedBy": "terraform",
              "Project": "mlops-train-automation"
            }
          },
          "sensitive_attributes": [],
          "private": "bnVsbA==",
          "dependencies": [
            "aws_iam_role.lambda_role",
            "aws_lambda_function.validate"
          ]
        }
      ]
    },
    {
      "mode": "managed",
      "type": "aws_iam_role",
      "name": "lambda_role",
      "provider": "provider[\"registry.terraform.io/hashicorp/aws\"]",
      "instances": [
        {
          "schema_version": 0,
          "attributes": {
            "arn": "arn:aws:iam::024910003979:role/mlops-train-automation-lambda-role",
            "assume_role_policy": "{\"Statement\":[{\"Action\":\"sts:AssumeRole\",\"Effect\":\"Allow\",\"Principal\":{\"Service\":\"lambda.amazonaws.com\"}}],\"Version\":\"2012-10-17\"}",
            "create_date": "2025-10-22T23:09:15Z",
            "description": "",
            "force_detach_policies": false,
            "id": "mlops-train-automation-lambda-role",
            "inline_policy": [],
            "managed_policy_arns": [
              "arn:aws:iam::aws:policy/service-role/AWSLambdaBasicExecutionRole"
            ],
            "max_session_duration": 3600,
            "name": "mlops-train-automation-lambda-role",
            "name_prefix": "",
            "path": "/",
            "permissions_boundary": "",
            "tags": {
              "Environment": "dev",
              "ManagedBy": "terraform",
              "Project": "mlops-train-automation"
            },
            "tags_all": {
              "Environment": "dev",
              "ManagedBy": "terraform",
              "Project": "mlops-train-automation"
            },
            "unique_id": "AROAQLTGAP4F7HBMHVZG4"
          },
          "sensitive_attributes": [],
          "private": "bnVsbA=="
        }
      ]
    },
    {
      "mode": "managed",
      "type": "aws_iam_role",
      "name": "step_functions_role",
      "provider": "provider[\"registry.terraform.io/hashicorp/aws\"]",
      "instances": [
        {
          "schema_version": 0,
          "attributes": {
            "arn": "arn:aws:iam::024910003979:role/mlops-train-automation-sfn-role",
            "assume_role_policy": "{\"Statement\":[{\"Action\":\"sts:AssumeRole\",\"Effect\":\"Allow\",\"Principal\":{\"Service\":\"states.amazonaws.com\"}}],\"Version\":\"2012-10-17\"}",
            "create_date": "2025-10-22T23:20:25Z",
            "description": "",
            "force_detach_policies": false,
            "id": "mlops-train-automation-sfn-role",
            "inline_policy": [
              {
                "name": "mlops-train-automation-sfn-policy",
                "policy": "{\"Version\":\"2012-10-17\",\"Statement\":[{\"Action\":[\"lambda:InvokeFunction\"],\"Effect\":\"Allow\",\"Resource\":[\"arn:aws:lambda:us-east-1:024910003979:function:mlops-train-automation-validate\",\"arn:aws:lambda:us-east-1:024910003979:function:mlops-train-automation-log-metrics\"]},{\"Action\":[\"logs:CreateLogDelivery\",\"logs:GetLogDelivery\",\"logs:UpdateLogDelivery\",\"logs:DeleteLogDelivery\",\"logs:ListLogDeliveries\",\"logs:PutResourcePolicy\",\"logs:DescribeResourcePolicies\",\"logs:DescribeLogGroups\"],\"Effect\":\"Allow\",\"Resource\":\"*\"}]}"
              }
            ],
            "managed_policy_arns": [],
            "max_session_duration": 3600,
            "name": "mlops-train-automation-sfn-role",
            "name_prefix": "",
            "path": "/",
            "permissions_boundary": "",
            "tags": {
              "Environment": "dev",
              "ManagedBy": "terraform",
              "Project": "mlops-train-automation"
            },
            "tags_all": {
              "Environment": "dev",
              "ManagedBy": "terraform",
              "Project": "mlops-train-automation"
            },
            "unique_id": "AROAQLTGAP4FX7DWVI3DA"
          },
          "sensitive_attributes": [],
          "private": "bnVsbA=="
        }
      ]
    },
    {
      "mode": "managed",
      "type": "aws_iam_role_policy",
      "name": "lambda_policy",
      "provider": "provider[\"registry.terraform.io/hashicorp/aws\"]",
      "instances": [
        {
          "schema_version": 0,
          "attributes": {
            "id": "mlops-train-automation-lambda-role:mlops-train-automation-lambda-policy",
            "name": "mlops-train-automation-lambda-policy",
            "name_prefix": "",
            "policy": "{\"Version\":\"2012-10-17\",\"Statement\":[{\"Action\":[\"logs:CreateLogGroup\",\"logs:CreateLogStream\",\"logs:PutLogEvents\"],\"Effect\":\"Allow\",\"Resource\":\"arn:aws:logs:*:*:*\"},{\"Action\":[\"s3:GetObject\",\"s3:PutObject\"],\"Effect\":\"Allow\",\"Resource\":\"arn:aws:s3:::*/*\"}]}",
            "role": "mlops-train-automation-lambda-role"
          },
          "sensitive_attributes": [],
          "private": "bnVsbA==",
          "dependencies": [
            "aws_iam_role.lambda_role"
          ]
        }
      ]
    },
    {
      "mode": "managed",
      "type": "aws_iam_role_policy",
      "name": "step_functions_policy",
      "provider": "provider[\"registry.terraform.io/hashicorp/aws\"]",
      "instances": [
        {
          "schema_version": 0,
          "attributes": {
            "id": "mlops-train-automation-sfn-role:mlops-train-automation-sfn-policy",
            "name": "mlops-train-automation-sfn-policy",
            "name_prefix": "",
            "policy": "{\"Version\":\"2012-10-17\",\"Statement\":[{\"Action\":[\"lambda:InvokeFunction\"],\"Effect\":\"Allow\",\"Resource\":[\"arn:aws:lambda:us-east-1:024910003979:function:mlops-train-automation-validate\",\"arn:aws:lambda:us-east-1:024910003979:function:mlops-train-automation-log-metrics\"]},{\"Action\":[\"logs:CreateLogDelivery\",\"logs:GetLogDelivery\",\"logs:UpdateLogDelivery\",\"logs:DeleteLogDelivery\",\"logs:ListLogDeliveries\",\"logs:PutResourcePolicy\",\"logs:DescribeResourcePolicies\",\"logs:DescribeLogGroups\"],\"Effect\":\"Allow\",\"Resource\":\"*\"}]}",
            "role": "mlops-train-automation-sfn-role"
          },
          "sensitive_attributes": [],
          "private": "bnVsbA==",
          "dependencies": [
            "aws_iam_role.lambda_role",
            "aws_iam_role.step_functions_role",
            "aws_lambda_function.log_metrics",
            "aws_lambda_function.validate"
          ]
        }
      ]
    },
    {
      "mode": "managed",
      "type": "aws_iam_role_policy_attachment",
      "name": "lambda_basic_execution",
      "provider": "provider[\"registry.terraform.io/hashicorp/aws\"]",
      "instances": [
        {
          "schema_version": 0,
          "attributes": {
            "id": "mlops-train-automation-lambda-role-20251022230916273700000001",
            "policy_arn": "arn:aws:iam::aws:policy/service-role/AWSLambdaBasicExecutionRole",
            "role": "mlops-train-automation-lambda-role"
          },
          "sensitive_attributes": [],
          "private": "bnVsbA==",
          "dependencies": [
            "aws_iam_role.lambda_role"
          ]
        }
      ]
    },
    {
      "mode": "managed",
      "type": "aws_lambda_function",
      "name": "log_metrics",
      "provider": "provider[\"registry.terraform.io/hashicorp/aws\"]",
      "instances": [
        {
          "schema_version": 0,
          "attributes": {
            "architectures": [
              "x86_64"
            ],
            "arn": "arn:aws:lambda:us-east-1:024910003979:function:mlops-train-automation-log-metrics",
            "code_sha256": "++Vnd8WkKQRImvPTuAx0ZDHW+sL7JlSs0K0QlKY+1sk=",
            "code_signing_config_arn": "",
            "dead_letter_config": [],
            "description": "",
            "environment": [
              {
                "variables": {
                  "ENVIRONMENT": "dev",
                  "PROJECT": "mlops-train-automation"
                }
              }
            ],
            "ephemeral_storage": [
              {
                "size": 512
              }
            ],
            "file_system_config": [],
            "filename": "./lambda/log_metrics.zip",
            "function_name": "mlops-train-automation-log-metrics",
            "handler": "log_metrics.lambda_handler",
            "id": "mlops-train-automation-log-metrics",
            "image_config": [],
            "image_uri": "",
            "invoke_arn": "arn:aws:apigateway:us-east-1:lambda:path/2015-03-31/functions/arn:aws:lambda:us-east-1:024910003979:function:mlops-train-automation-log-metrics/invocations",
            "kms_key_arn": "",
            "last_modified": "2025-10-22T23:20:25.000+0000",
            "layers": [],
            "logging_config": [
              {
                "application_log_level": "",
                "log_format": "Text",
                "log_group": "/aws/lambda/mlops-train-automation-log-metrics",
                "system_log_level": ""
              }
            ],
            "memory_size": 256,
            "package_type": "Zip",
            "publish": false,
            "qualified_arn": "arn:aws:lambda:us-east-1:024910003979:function:mlops-train-automation-log-metrics:$LATEST",
            "qualified_invoke_arn": "arn:aws:apigateway:us-east-1:lambda:path/2015-03-31/functions/arn:aws:lambda:us-east-1:024910003979:function:mlops-train-automation-log-metrics:$LATEST/invocations",
            "replace_security_groups_on_destroy": null,
            "replacement_security_group_ids": null,
            "reserved_concurrent_executions": -1,
            "role": "arn:aws:iam::024910003979:role/mlops-train-automation-lambda-role",
            "runtime": "python3.11",
            "s3_bucket": null,
            "s3_key": null,
            "s3_object_version": null,
            "signing_job_arn": "",
            "signing_profile_version_arn": "",
            "skip_destroy": false,
            "snap_start": [],
            "source_code_hash": "++Vnd8WkKQRImvPTuAx0ZDHW+sL7JlSs0K0QlKY+1sk=",
            "source_code_size": 658,
            "tags": {
              "Environment": "dev",
              "ManagedBy": "terraform",
              "Name": "mlops-train-automation-log-metrics",
              "Project": "mlops-train-automation"
            },
            "tags_all": {
              "Environment": "dev",
              "ManagedBy": "terraform",
              "Name": "mlops-train-automation-log-metrics",
              "Project": "mlops-train-automation"
            },
            "timeout": 60,
            "timeouts": null,
            "tracing_config": [
              {
                "mode": "PassThrough"
              }
            ],
            "version": "$LATEST",
            "vpc_config": []
          },
          "sensitive_attributes": [],
          "private": "eyJlMmJmYjczMC1lY2FhLTExZTYtOGY4OC0zNDM2M2JjN2M0YzAiOnsiY3JlYXRlIjo2MDAwMDAwMDAwMDAsImRlbGV0ZSI6NjAwMDAwMDAwMDAwLCJ1cGRhdGUiOjYwMDAwMDAwMDAwMH19",
          "dependencies": [
            "aws_iam_role.lambda_role"
          ]
        }
      ]
    },
    {
      "mode": "managed",
      "type": "aws_lambda_function",
      "name": "validate",
      "provider": "provider[\"registry.terraform.io/hashicorp/aws\"]",
      "instances": [
        {
          "schema_version": 0,
          "attributes": {
            "architectures": [
              "x86_64"
            ],
            "arn": "arn:aws:lambda:us-east-1:024910003979:function:mlops-train-automation-validate",
            "code_sha256": "7mx6JDSUUKSz00CdRRwkKLi8aPqO0lS94svoeZoqYJU=",
            "code_signing_config_arn": "",
            "dead_letter_config": [],
            "description": "",
            "environment": [
              {
                "variables": {
                  "ENVIRONMENT": "dev",
                  "PROJECT": "mlops-train-automation"
                }
              }
            ],
            "ephemeral_storage": [
              {
                "size": 512
              }
            ],
            "file_system_config": [],
            "filename": "./lambda/validate.zip",
            "function_name": "mlops-train-automation-validate",
            "handler": "validate.lambda_handler",
            "id": "mlops-train-automation-validate",
            "image_config": [],
            "image_uri": "",
            "invoke_arn": "arn:aws:apigateway:us-east-1:lambda:path/2015-03-31/functions/arn:aws:lambda:us-east-1:024910003979:function:mlops-train-automation-validate/invocations",
            "kms_key_arn": "",
            "last_modified": "2025-10-22T23:20:32.000+0000",
            "layers": [],
            "logging_config": [
              {
                "application_log_level": "",
                "log_format": "Text",
                "log_group": "/aws/lambda/mlops-train-automation-validate",
                "system_log_level": ""
              }
            ],
            "memory_size": 256,
            "package_type": "Zip",
            "publish": false,
            "qualified_arn": "arn:aws:lambda:us-east-1:024910003979:function:mlops-train-automation-validate:$LATEST",
            "qualified_invoke_arn": "arn:aws:apigateway:us-east-1:lambda:path/2015-03-31/functions/arn:aws:lambda:us-east-1:024910003979:function:mlops-train-automation-validate:$LATEST/invocations",
            "replace_security_groups_on_destroy": null,
            "replacement_security_group_ids": null,
            "reserved_concurrent_executions": -1,
            "role": "arn:aws:iam::024910003979:role/mlops-train-automation-lambda-role",
            "runtime": "python3.11",
            "s3_bucket": null,
            "s3_key": null,
            "s3_object_version": null,
            "signing_job_arn": "",
            "signing_profile_version_arn": "",
            "skip_destroy": false,
            "snap_start": [],
            "source_code_hash": "7mx6JDSUUKSz00CdRRwkKLi8aPqO0lS94svoeZoqYJU=",
            "source_code_size": 552,
            "tags": {
              "Environment": "dev",
              "ManagedBy": "terraform",
              "Name": "mlops-train-automation-validate",
              "Project": "mlops-train-automation"
            },
            "tags_all": {
              "Environment": "dev",
              "ManagedBy": "terraform",
              "Name": "mlops-train-automation-validate",
              "Project": "mlops-train-automation"
            },
            "timeout": 60,
            "timeouts": null,
            "tracing_config": [
              {
                "mode": "PassThrough"
              }
            ],
            "version": "$LATEST",
            "vpc_config": []
          },
          "sensitive_attributes": [],
          "private": "eyJlMmJmYjczMC1lY2FhLTExZTYtOGY4OC0zNDM2M2JjN2M0YzAiOnsiY3JlYXRlIjo2MDAwMDAwMDAwMDAsImRlbGV0ZSI6NjAwMDAwMDAwMDAwLCJ1cGRhdGUiOjYwMDAwMDAwMDAwMH19",
          "dependencies": [
            "aws_iam_role.lambda_role"
          ]
        }
      ]
    },
    {
      "mode": "managed",
      "type": "aws_sfn_state_machine",
      "name": "ml_training_pipeline",
      "provider": "provider[\"registry.terraform.io/hashicorp/aws\"]",
      "instances": [
        {
          "schema_version": 0,
          "attributes": {
            "arn": "arn:aws:states:us-east-1:024910003979:stateMachine:mlops-train-automation-pipeline",
            "creation_date": "2025-10-22T23:09:55Z",
            "definition": "{\"Comment\":\"ML Training Pipeline\",\"StartAt\":\"ValidateData\",\"States\":{\"CheckValidation\":{\"Choices\":[{\"Next\":\"LogMetrics\",\"StringEquals\":\"passed\",\"Variable\":\"$.validation_status\"}],\"Default\":\"ValidationFailed\",\"Type\":\"Choice\"},\"LogMetrics\":{\"Next\":\"TrainingSuccess\",\"Resource\":\"arn:aws:lambda:us-east-1:024910003979:function:mlops-train-automation-log-metrics\",\"Retry\":[{\"BackoffRate\":2,\"ErrorEquals\":[\"States.TaskFailed\"],\"IntervalSeconds\":2,\"MaxAttempts\":2}],\"Type\":\"Task\"},\"TrainingSuccess\":{\"Type\":\"Succeed\"},\"ValidateData\":{\"Catch\":[{\"ErrorEquals\":[\"States.ALL\"],\"Next\":\"ValidationFailed\"}],\"Next\":\"CheckValidation\",\"Resource\":\"arn:aws:lambda:us-east-1:024910003979:function:mlops-train-automation-validate\",\"Retry\":[{\"BackoffRate\":2,\"ErrorEquals\":[\"States.TaskFailed\"],\"IntervalSeconds\":2,\"MaxAttempts\":2}],\"Type\":\"Task\"},\"ValidationFailed\":{\"Cause\":\"Data validation failed\",\"Error\":\"ValidationError\",\"Type\":\"Fail\"}}}",
            "description": "",
            "encryption_configuration": [
              {
                "kms_data_key_reuse_period_seconds": 0,
                "kms_key_id": "",
                "type": "AWS_OWNED_KEY"
              }
            ],
            "id": "arn:aws:states:us-east-1:024910003979:stateMachine:mlops-train-automation-pipeline",
            "logging_configuration": [
              {
                "include_execution_data": true,
                "level": "ALL",
                "log_destination": "arn:aws:logs:us-east-1:024910003979:log-group:/aws/vendedlogs/states/mlops-train-automation-pipeline:*"
              }
            ],
            "name": "mlops-train-automation-pipeline",
            "name_prefix": "",
            "publish": false,
            "revision_id": "f532a7f4-16de-47b8-b313-23f99356d28c",
            "role_arn": "arn:aws:iam::024910003979:role/mlops-train-automation-sfn-role",
            "state_machine_version_arn": "",
            "status": "ACTIVE",
            "tags": {
              "Environment": "dev",
              "ManagedBy": "terraform",
              "Project": "mlops-train-automation"
            },
            "tags_all": {
              "Environment": "dev",
              "ManagedBy": "terraform",
              "Project": "mlops-train-automation"
            },
            "timeouts": null,
            "tracing_configuration": [
              {
                "enabled": false
              }
            ],
            "type": "STANDARD",
            "version_description": null
          },
          "sensitive_attributes": [],
          "private": "eyJlMmJmYjczMC1lY2FhLTExZTYtOGY4OC0zNDM2M2JjN2M0YzAiOnsiY3JlYXRlIjozMDAwMDAwMDAwMDAsImRlbGV0ZSI6MzAwMDAwMDAwMDAwLCJ1cGRhdGUiOjYwMDAwMDAwMDAwfX0=",
          "dependencies": [
            "aws_cloudwatch_log_group.step_functions_logs",
            "aws_iam_role.lambda_role",
            "aws_iam_role.step_functions_role",
            "aws_lambda_function.log_metrics",
            "aws_lambda_function.validate"
          ]
        }
      ]
    }
  ],
  "check_results": null
}
